
Microsoft Visual Studio Solution File, Format Version 12.00
# Visual Studio Version 17
VisualStudioVersion = 17.5.33516.290
MinimumVisualStudioVersion = 10.0.40219.1
Project("{FAE04EC0-301F-11D3-BF4B-00C04F79EFBC}") = "Newspaper", "Newspaper\Newspaper.csproj", "{7F164DC1-D2F9-4EE9-AA84-F5494392B63C}"
EndProject
Project("{FAE04EC0-301F-11D3-BF4B-00C04F79EFBC}") = "Newspaper.Tests", "Newspaper.Tests\Newspaper.Tests.csproj", "{B2CD56C8-7E72-4BFD-BD86-CE8B6F1B4865}"
EndProject
Global
	GlobalSection(SolutionConfigurationPlatforms) = preSolution
		Debug|Any CPU = Debug|Any CPU
		Release|Any CPU = Release|Any CPU
	EndGlobalSection
	GlobalSection(ProjectConfigurationPlatforms) = postSolution
		{7F164DC1-D2F9-4EE9-AA84-F5494392B63C}.Debug|Any CPU.ActiveCfg = Debug|Any CPU
		{7F164DC1-D2F9-4EE9-AA84-F5494392B63C}.Debug|Any CPU.Build.0 = Debug|Any CPU
		{7F164DC1-D2F9-4EE9-AA84-F5494392B63C}.Release|Any CPU.ActiveCfg = Release|Any CPU
		{7F164DC1-D2F9-4EE9-AA84-F5494392B63C}.Release|Any CPU.Build.0 = Release|Any CPU
		{B2CD56C8-7E72-4BFD-BD86-CE8B6F1B4865}.Debug|Any CPU.ActiveCfg = Debug|Any CPU
		{B2CD56C8-7E72-4BFD-BD86-CE8B6F1B4865}.Debug|Any CPU.Build.0 = Debug|Any CPU
		{B2CD56C8-7E72-4BFD-BD86-CE8B6F1B4865}.Release|Any CPU.ActiveCfg = Release|Any CPU
		{B2CD56C8-7E72-4BFD-BD86-CE8B6F1B4865}.Release|Any CPU.Build.0 = Release|Any CPU
	EndGlobalSection
	GlobalSection(SolutionProperties) = preSolution
		HideSolutionNode = FALSE
	EndGlobalSection
	GlobalSection(ExtensibilityGlobals) = postSolution
		SolutionGuid = {71562E29-986D-402D-8FF1-FC543DAB62C7}
	EndGlobalSection
EndGlobal
